
Microsoft Visual Studio Solution File, Format Version 12.00
# Visual Studio Version 16
VisualStudioVersion = 16.0.29728.190
MinimumVisualStudioVersion = 10.0.40219.1
Project("{FAE04EC0-301F-11D3-BF4B-00C04F79EFBC}") = "ProyectoProgramacionFTP", "ProyectoProgramacionFTP\ProyectoProgramacionFTP.csproj", "{23431F22-8EB3-4DD8-B228-B1D4B0041961}"
EndProject
Project("{FAE04EC0-301F-11D3-BF4B-00C04F79EFBC}") = "ConverXmlFiles", "ConverXmlFiles\ConverXmlFiles.csproj", "{4E04CA53-A681-4CFB-B4A8-8305D9D373D6}"
EndProject
Global
	GlobalSection(SolutionConfigurationPlatforms) = preSolution
		Debug|Any CPU = Debug|Any CPU
		Release|Any CPU = Release|Any CPU
	EndGlobalSection
	GlobalSection(ProjectConfigurationPlatforms) = postSolution
		{23431F22-8EB3-4DD8-B228-B1D4B0041961}.Debug|Any CPU.ActiveCfg = Debug|Any CPU
		{23431F22-8EB3-4DD8-B228-B1D4B0041961}.Debug|Any CPU.Build.0 = Debug|Any CPU
		{23431F22-8EB3-4DD8-B228-B1D4B0041961}.Release|Any CPU.ActiveCfg = Release|Any CPU
		{23431F22-8EB3-4DD8-B228-B1D4B0041961}.Release|Any CPU.Build.0 = Release|Any CPU
		{4E04CA53-A681-4CFB-B4A8-8305D9D373D6}.Debug|Any CPU.ActiveCfg = Debug|Any CPU
		{4E04CA53-A681-4CFB-B4A8-8305D9D373D6}.Debug|Any CPU.Build.0 = Debug|Any CPU
		{4E04CA53-A681-4CFB-B4A8-8305D9D373D6}.Release|Any CPU.ActiveCfg = Release|Any CPU
		{4E04CA53-A681-4CFB-B4A8-8305D9D373D6}.Release|Any CPU.Build.0 = Release|Any CPU
	EndGlobalSection
	GlobalSection(SolutionProperties) = preSolution
		HideSolutionNode = FALSE
	EndGlobalSection
	GlobalSection(ExtensibilityGlobals) = postSolution
		SolutionGuid = {FDDDEA17-4E3A-4772-BBAC-9401DAB593A2}
	EndGlobalSection
EndGlobal
